<?xml version="1.0" encoding="UTF-8" standalone="yes" ?>
<CodeBlocks_project_file>
	<FileVersion major="1" minor="6" />
	<Project>
		<Option title="NeuralNet_BackPropagation" />
		<Option pch_mode="2" />
		<Option compiler="gcc" />
		<Build>
			<Target title="Debug">
				<Option output="bin/Debug/NeuralNet_BackPropagation" prefix_auto="1" extension_auto="1" />
				<Option object_output="obj/Debug/" />
				<Option type="1" />
				<Option compiler="gcc" />
				<Compiler>
					<Add option="-g" />
				</Compiler>
			</Target>
			<Target title="Release">
				<Option output="bin/Release/NeuralNet_BackPropagation" prefix_auto="1" extension_auto="1" />
				<Option object_output="obj/Release/" />
				<Option type="1" />
				<Option compiler="gcc" />
				<Compiler>
					<Add option="-O2" />
				</Compiler>
				<Linker>
					<Add option="-s" />
				</Linker>
			</Target>
		</Build>
		<Compiler>
			<Add option="-Wall" />
		</Compiler>
		<Unit filename="Network/Network.cpp" />
		<Unit filename="Network/Network.h" />
		<Unit filename="Network/Neuron.cpp" />
		<Unit filename="Network/Neuron.h" />
		<Unit filename="Points/Center.cpp" />
		<Unit filename="Points/Center.h" />
		<Unit filename="Points/DotGroup.cpp" />
		<Unit filename="Points/DotGroup.h" />
		<Unit filename="Points/Point.cpp" />
		<Unit filename="Points/Point.h" />
		<Unit filename="Readers2/Measure.cpp" />
		<Unit filename="Readers2/Measure.h" />
		<Unit filename="Readers2/Reader2.cpp" />
		<Unit filename="Readers2/Reader2.h" />
		<Unit filename="Sets/Pair.cpp" />
		<Unit filename="Sets/Pair.h" />
		<Unit filename="Sets/Quad.cpp" />
		<Unit filename="Sets/Quad.h" />
		<Unit filename="headers.h" />
		<Unit filename="main.cpp" />
		<Unit filename="other.cpp" />
		<Extensions>
			<code_completion />
			<envvars />
			<debugger />
			<lib_finder disable_auto="1" />
		</Extensions>
	</Project>
</CodeBlocks_project_file>
